
Microsoft Visual Studio Solution File, Format Version 12.00
# Visual Studio Version 17
VisualStudioVersion = 17.0.31903.59
MinimumVisualStudioVersion = 10.0.40219.1
Project("{9A19103F-16F7-4668-BE54-9A1E7A4F7556}") = "DecoClock", "DecoClock.csproj", "{AFB21361-DB82-4A59-805B-793A4B8F2DAD}"
EndProject
Global
	GlobalSection(SolutionConfigurationPlatforms) = preSolution
		Debug|Any CPU = Debug|Any CPU
		Publish|Any CPU = Publish|Any CPU
		Release|Any CPU = Release|Any CPU
	EndGlobalSection
	GlobalSection(ProjectConfigurationPlatforms) = postSolution
		{AFB21361-DB82-4A59-805B-793A4B8F2DAD}.Debug|Any CPU.ActiveCfg = Debug|Any CPU
		{AFB21361-DB82-4A59-805B-793A4B8F2DAD}.Debug|Any CPU.Build.0 = Debug|Any CPU
		{AFB21361-DB82-4A59-805B-793A4B8F2DAD}.Publish|Any CPU.ActiveCfg = Publish|Any CPU
		{AFB21361-DB82-4A59-805B-793A4B8F2DAD}.Publish|Any CPU.Build.0 = Publish|Any CPU
		{AFB21361-DB82-4A59-805B-793A4B8F2DAD}.Release|Any CPU.ActiveCfg = Release|Any CPU
		{AFB21361-DB82-4A59-805B-793A4B8F2DAD}.Release|Any CPU.Build.0 = Release|Any CPU
	EndGlobalSection
	GlobalSection(SolutionProperties) = preSolution
		HideSolutionNode = FALSE
	EndGlobalSection
	GlobalSection(ExtensibilityGlobals) = postSolution
		SolutionGuid = {57CE30D7-D3CA-407D-9452-D4FFF23E4DCB}
	EndGlobalSection
EndGlobal
