
Microsoft Visual Studio Solution File, Format Version 12.00
# Blend for Visual Studio Version 17
VisualStudioVersion = 17.0.31903.59
MinimumVisualStudioVersion = 10.0.40219.1
Project("{9A19103F-16F7-4668-BE54-9A1E7A4F7556}") = "DecoClock", "DecoClock.csproj", "{D76F67AF-51A6-4ADB-8098-37D6C8B1DC21}"
EndProject
Global
	GlobalSection(SolutionConfigurationPlatforms) = preSolution
		Debug|Any CPU = Debug|Any CPU
		Publish|Any CPU = Publish|Any CPU
		Release|Any CPU = Release|Any CPU
	EndGlobalSection
	GlobalSection(ProjectConfigurationPlatforms) = postSolution
		{D76F67AF-51A6-4ADB-8098-37D6C8B1DC21}.Debug|Any CPU.ActiveCfg = Debug|Any CPU
		{D76F67AF-51A6-4ADB-8098-37D6C8B1DC21}.Debug|Any CPU.Build.0 = Debug|Any CPU
		{D76F67AF-51A6-4ADB-8098-37D6C8B1DC21}.Publish|Any CPU.ActiveCfg = Publish|Any CPU
		{D76F67AF-51A6-4ADB-8098-37D6C8B1DC21}.Publish|Any CPU.Build.0 = Publish|Any CPU
		{D76F67AF-51A6-4ADB-8098-37D6C8B1DC21}.Release|Any CPU.ActiveCfg = Release|Any CPU
		{D76F67AF-51A6-4ADB-8098-37D6C8B1DC21}.Release|Any CPU.Build.0 = Release|Any CPU
	EndGlobalSection
	GlobalSection(SolutionProperties) = preSolution
		HideSolutionNode = FALSE
	EndGlobalSection
	GlobalSection(ExtensibilityGlobals) = postSolution
		SolutionGuid = {FE13FE46-5A1C-4E89-88F0-997BC531E7DB}
	EndGlobalSection
EndGlobal
